
Microsoft Visual Studio Solution File, Format Version 12.00
# Visual Studio Version 17
VisualStudioVersion = 17.4.33213.308
MinimumVisualStudioVersion = 10.0.40219.1
Project("{FAE04EC0-301F-11D3-BF4B-00C04F79EFBC}") = "GoogleFirebase", "GoogleFirebase.csproj", "{8291DD01-08A4-495B-A92F-A90A828D65F6}"
EndProject
Global
	GlobalSection(SolutionConfigurationPlatforms) = preSolution
		Debug|Any CPU = Debug|Any CPU
		Release|Any CPU = Release|Any CPU
	EndGlobalSection
	GlobalSection(ProjectConfigurationPlatforms) = postSolution
		{8291DD01-08A4-495B-A92F-A90A828D65F6}.Debug|Any CPU.ActiveCfg = Debug|Any CPU
		{8291DD01-08A4-495B-A92F-A90A828D65F6}.Debug|Any CPU.Build.0 = Debug|Any CPU
		{8291DD01-08A4-495B-A92F-A90A828D65F6}.Release|Any CPU.ActiveCfg = Release|Any CPU
		{8291DD01-08A4-495B-A92F-A90A828D65F6}.Release|Any CPU.Build.0 = Release|Any CPU
	EndGlobalSection
	GlobalSection(SolutionProperties) = preSolution
		HideSolutionNode = FALSE
	EndGlobalSection
	GlobalSection(ExtensibilityGlobals) = postSolution
		SolutionGuid = {159316C5-861A-49CD-9A4D-D439C40C7F7A}
	EndGlobalSection
EndGlobal
